
Microsoft Visual Studio Solution File, Format Version 12.00
# Visual Studio Version 17
VisualStudioVersion = 17.10.34607.79
MinimumVisualStudioVersion = 10.0.40219.1
Project("{9A19103F-16F7-4668-BE54-9A1E7A4F7556}") = "BSP", "BSP\BSP.csproj", "{0422C370-4984-4FA2-85A9-07CFF6DAEA71}"
EndProject
Project("{9A19103F-16F7-4668-BE54-9A1E7A4F7556}") = "BSP.Data", "BSP.Data\BSP.Data.csproj", "{8DED183D-7C59-4CBD-BFA2-52FAA92E92DA}"
EndProject
Project("{9A19103F-16F7-4668-BE54-9A1E7A4F7556}") = "BSP.BL", "BSP.BL\BSP.BL.csproj", "{1033D6DE-CFC2-458F-B05A-69529148254E}"
EndProject
Project("{9A19103F-16F7-4668-BE54-9A1E7A4F7556}") = "BSP.DatabaseFiller", "BSP.DatabaseFiller\BSP.DatabaseFiller.csproj", "{88A7A15E-EADB-42A4-897E-342F1AB161E6}"
EndProject
Project("{9A19103F-16F7-4668-BE54-9A1E7A4F7556}") = "BSP.Launcher", "BSP.Launcher\BSP.Launcher.csproj", "{74E9FAA0-E943-4CF2-9CEE-5EC540989588}"
EndProject
Project("{FAE04EC0-301F-11D3-BF4B-00C04F79EFBC}") = "BSP.Tests", "BSP.Tests\BSP.Tests.csproj", "{2CAE8020-1475-415C-B499-EA0B69C9C341}"
EndProject
Project("{FAE04EC0-301F-11D3-BF4B-00C04F79EFBC}") = "BSP.Geometries.SDK", "BSP.Geometries.SDK\BSP.Geometries.SDK.csproj", "{3E2653FF-6EC3-450E-AAA3-ED560185157F}"
EndProject
Global
	GlobalSection(SolutionConfigurationPlatforms) = preSolution
		Debug|Any CPU = Debug|Any CPU
		Release|Any CPU = Release|Any CPU
	EndGlobalSection
	GlobalSection(ProjectConfigurationPlatforms) = postSolution
		{0422C370-4984-4FA2-85A9-07CFF6DAEA71}.Debug|Any CPU.ActiveCfg = Debug|Any CPU
		{0422C370-4984-4FA2-85A9-07CFF6DAEA71}.Debug|Any CPU.Build.0 = Debug|Any CPU
		{0422C370-4984-4FA2-85A9-07CFF6DAEA71}.Release|Any CPU.ActiveCfg = Release|Any CPU
		{0422C370-4984-4FA2-85A9-07CFF6DAEA71}.Release|Any CPU.Build.0 = Release|Any CPU
		{8DED183D-7C59-4CBD-BFA2-52FAA92E92DA}.Debug|Any CPU.ActiveCfg = Debug|Any CPU
		{8DED183D-7C59-4CBD-BFA2-52FAA92E92DA}.Debug|Any CPU.Build.0 = Debug|Any CPU
		{8DED183D-7C59-4CBD-BFA2-52FAA92E92DA}.Release|Any CPU.ActiveCfg = Release|Any CPU
		{8DED183D-7C59-4CBD-BFA2-52FAA92E92DA}.Release|Any CPU.Build.0 = Release|Any CPU
		{1033D6DE-CFC2-458F-B05A-69529148254E}.Debug|Any CPU.ActiveCfg = Debug|Any CPU
		{1033D6DE-CFC2-458F-B05A-69529148254E}.Debug|Any CPU.Build.0 = Debug|Any CPU
		{1033D6DE-CFC2-458F-B05A-69529148254E}.Release|Any CPU.ActiveCfg = Release|Any CPU
		{1033D6DE-CFC2-458F-B05A-69529148254E}.Release|Any CPU.Build.0 = Release|Any CPU
		{88A7A15E-EADB-42A4-897E-342F1AB161E6}.Debug|Any CPU.ActiveCfg = Debug|Any CPU
		{88A7A15E-EADB-42A4-897E-342F1AB161E6}.Debug|Any CPU.Build.0 = Debug|Any CPU
		{88A7A15E-EADB-42A4-897E-342F1AB161E6}.Release|Any CPU.ActiveCfg = Release|Any CPU
		{88A7A15E-EADB-42A4-897E-342F1AB161E6}.Release|Any CPU.Build.0 = Release|Any CPU
		{74E9FAA0-E943-4CF2-9CEE-5EC540989588}.Debug|Any CPU.ActiveCfg = Debug|Any CPU
		{74E9FAA0-E943-4CF2-9CEE-5EC540989588}.Debug|Any CPU.Build.0 = Debug|Any CPU
		{74E9FAA0-E943-4CF2-9CEE-5EC540989588}.Release|Any CPU.ActiveCfg = Release|Any CPU
		{74E9FAA0-E943-4CF2-9CEE-5EC540989588}.Release|Any CPU.Build.0 = Release|Any CPU
		{2CAE8020-1475-415C-B499-EA0B69C9C341}.Debug|Any CPU.ActiveCfg = Debug|Any CPU
		{2CAE8020-1475-415C-B499-EA0B69C9C341}.Debug|Any CPU.Build.0 = Debug|Any CPU
		{2CAE8020-1475-415C-B499-EA0B69C9C341}.Release|Any CPU.ActiveCfg = Release|Any CPU
		{2CAE8020-1475-415C-B499-EA0B69C9C341}.Release|Any CPU.Build.0 = Release|Any CPU
		{3E2653FF-6EC3-450E-AAA3-ED560185157F}.Debug|Any CPU.ActiveCfg = Debug|Any CPU
		{3E2653FF-6EC3-450E-AAA3-ED560185157F}.Debug|Any CPU.Build.0 = Debug|Any CPU
		{3E2653FF-6EC3-450E-AAA3-ED560185157F}.Release|Any CPU.ActiveCfg = Release|Any CPU
		{3E2653FF-6EC3-450E-AAA3-ED560185157F}.Release|Any CPU.Build.0 = Release|Any CPU
	EndGlobalSection
	GlobalSection(SolutionProperties) = preSolution
		HideSolutionNode = FALSE
	EndGlobalSection
	GlobalSection(ExtensibilityGlobals) = postSolution
		SolutionGuid = {A98E484D-5920-43B9-BB00-F47BAF6FD05E}
	EndGlobalSection
EndGlobal
